version = 1
revision = 1
requires-python = ">=3.11"

[[package]]
name = "b3denv"
version = "0.0.20"
source = { registry = "https://pypi.org/simple" }
sdist = { url = "https://files.pythonhosted.org/packages/26/a0/6aee69b364896ceb037d7d2cd2e147ba91020de66cdd0860bcb6e88b96b6/b3denv-0.0.20.tar.gz", hash = "sha256:724bd2ac6677e05e43a5a1914d3d7cb2fb4deff338a4888ba15a9ab1c1f89450", size = 11484 }
wheels = [
    { url = "https://files.pythonhosted.org/packages/de/70/2362154fe1b39b04839ada6b7e109138ef3b8b02f260f2aabcd462cee977/b3denv-0.0.20-py3-none-any.whl", hash = "sha256:722de2c382419906be1362d5610d0896f6b0b587eea3d6b536f2a1207700ebd6", size = 10278 },
]

[[package]]
name = "st2"
version = "0.1.0"
source = { virtual = "." }
dependencies = [
    { name = "b3denv" },
]

[package.metadata]
requires-dist = [{ name = "b3denv", specifier = ">=0.0.20" }]
