version = 1
revision = 1
requires-python = ">=3.12"

[[package]]
name = "b3denv"
version = "0.0.19"
source = { registry = "https://pypi.org/simple" }
sdist = { url = "https://files.pythonhosted.org/packages/26/a3/0964f4454cc296ef81ebfc7819e0c54ca558dd08730b8218b37f51a2a717/b3denv-0.0.19.tar.gz", hash = "sha256:2c789d57e76d32b5d5eab0f65507e2edb55bbd3daad6126c18103a220109d4d1", size = 11493 }
wheels = [
    { url = "https://files.pythonhosted.org/packages/c3/83/6aa2d453f50cf8cd0c0ebca66cfb893bee4dc682c911a7de55081ad6c093/b3denv-0.0.19-py3-none-any.whl", hash = "sha256:58523cd169bf5e76cb39a0a3a1d799ce9147961d61e4b7d9697e55be94573d95", size = 10273 },
]

[[package]]
name = "st2"
version = "0.1.0"
source = { virtual = "." }
dependencies = [
    { name = "b3denv" },
]

[package.metadata]
requires-dist = [{ name = "b3denv", specifier = ">=0.0.19" }]
